
Microsoft Visual Studio Solution File, Format Version 12.00
# Visual Studio 15
Project("{FAE04EC0-301F-11D3-BF4B-00C04F79EFBC}") = "Resume", "Resume.csproj", "{6A9373C9-BFC6-4B2C-866F-6D3EF5BEA98F}"
EndProject
Global
	GlobalSection(SolutionConfigurationPlatforms) = preSolution
		Debug|Any CPU = Debug|Any CPU
		Release|Any CPU = Release|Any CPU
	EndGlobalSection
	GlobalSection(ProjectConfigurationPlatforms) = postSolution
		{6A9373C9-BFC6-4B2C-866F-6D3EF5BEA98F}.Debug|Any CPU.ActiveCfg = Debug|Any CPU
		{6A9373C9-BFC6-4B2C-866F-6D3EF5BEA98F}.Debug|Any CPU.Build.0 = Debug|Any CPU
		{6A9373C9-BFC6-4B2C-866F-6D3EF5BEA98F}.Release|Any CPU.ActiveCfg = Release|Any CPU
		{6A9373C9-BFC6-4B2C-866F-6D3EF5BEA98F}.Release|Any CPU.Build.0 = Release|Any CPU
	EndGlobalSection
EndGlobal
