
Microsoft Visual Studio Solution File, Format Version 12.00
# Visual Studio 15
Project("{FAE04EC0-301F-11D3-BF4B-00C04F79EFBC}") = "Resume", "ResumeAlt\Resume.csproj", "{37D2E082-23FD-4094-9161-3B6ECA821879}"
EndProject
Global
	GlobalSection(SolutionConfigurationPlatforms) = preSolution
		Debug|Any CPU = Debug|Any CPU
		Release|Any CPU = Release|Any CPU
	EndGlobalSection
	GlobalSection(ProjectConfigurationPlatforms) = postSolution
		{37D2E082-23FD-4094-9161-3B6ECA821879}.Debug|Any CPU.ActiveCfg = Debug|Any CPU
		{37D2E082-23FD-4094-9161-3B6ECA821879}.Debug|Any CPU.Build.0 = Debug|Any CPU
		{37D2E082-23FD-4094-9161-3B6ECA821879}.Release|Any CPU.ActiveCfg = Release|Any CPU
		{37D2E082-23FD-4094-9161-3B6ECA821879}.Release|Any CPU.Build.0 = Release|Any CPU
	EndGlobalSection
EndGlobal
